{
  "version": 2,
  "dependencies": {
    "net10.0": {
      "Aspire.Hosting.Testing": {
        "type": "Direct",
        "requested": "[9.2.1, )",
        "resolved": "9.2.1",
        "contentHash": "5+TAOVoWnPsHr5OHjUDgg7yrROsRz6qd0/YKCDXaAJe6pBqEbup8YVxjhWK60o5OOKgbL0MDqFxtiqrY0E2VhA==",
        "dependencies": {
          "AspNetCore.HealthChecks.Uris": "9.0.0",
          "Aspire.Hosting": "9.2.1",
          "Aspire.Hosting.AppHost": "9.2.1",
          "Google.Protobuf": "3.30.1",
          "Grpc.AspNetCore": "2.70.0",
          "Grpc.Net.ClientFactory": "2.70.0",
          "Grpc.Tools": "2.71.0",
          "Humanizer.Core": "2.14.1",
          "JsonPatch.Net": "3.3.0",
          "KubernetesClient": "16.0.2",
          "Microsoft.Extensions.Configuration.Abstractions": "9.0.4",
          "Microsoft.Extensions.Configuration.Binder": "9.0.4",
          "Microsoft.Extensions.DependencyInjection.Abstractions": "9.0.4",
          "Microsoft.Extensions.Diagnostics.HealthChecks": "9.0.4",
          "Microsoft.Extensions.Hosting": "9.0.4",
          "Microsoft.Extensions.Hosting.Abstractions": "9.0.4",
          "Microsoft.Extensions.Http": "9.0.4",
          "Microsoft.Extensions.Http.Resilience": "9.4.0",
          "Microsoft.Extensions.Logging.Abstractions": "9.0.4",
          "Microsoft.Extensions.Options": "9.0.4",
          "Microsoft.Extensions.Primitives": "9.0.4",
          "Newtonsoft.Json": "13.0.3",
          "Polly.Core": "8.5.2",
          "Polly.Extensions": "8.5.2",
          "StreamJsonRpc": "2.21.69",
          "System.IO.Hashing": "9.0.3"
        }
      },
      "FluentAssertions": {
        "type": "Direct",
        "requested": "[8.3.0, )",
        "resolved": "8.3.0",
        "contentHash": "iri1druxHPUAvaFqTUKJG7NOHwnOLmWwfDorgezZWpeBWBJmk2o8niI7jL7zW9TEFGnUpMJi/JLG6FXgr3cM3A=="
      },
      "Microsoft.Extensions.Http.Resilience": {
        "type": "Direct",
        "requested": "[9.5.0, )",
        "resolved": "9.5.0",
        "contentHash": "6+D5dTm6t+Rg93ODzQ/obWuUxl+YPEm6bU4lz6dA2lxPjJmqbsUKP3l2bXlMcahj3EFj9n4gpRD7fzF46q+ecQ==",
        "dependencies": {
          "Microsoft.Extensions.Configuration.Binder": "9.0.5",
          "Microsoft.Extensions.Http.Diagnostics": "9.5.0",
          "Microsoft.Extensions.ObjectPool": "9.0.5",
          "Microsoft.Extensions.Resilience": "9.5.0"
        }
      },
      "Microsoft.NET.Test.Sdk": {
        "type": "Direct",
        "requested": "[18.0.1, )",
        "resolved": "18.0.1",
        "contentHash": "WNpu6vI2rA0pXY4r7NKxCN16XRWl5uHu6qjuyVLoDo6oYEggIQefrMjkRuibQHm/NslIUNCcKftvoWAN80MSAg==",
        "dependencies": {
          "Microsoft.CodeCoverage": "18.0.1",
          "Microsoft.TestPlatform.TestHost": "18.0.1"
        }
      },
      "Microsoft.Playwright": {
        "type": "Direct",
        "requested": "[1.52.0, )",
        "resolved": "1.52.0",
        "contentHash": "zH8a7OiXtq8BC6i0yYHAG/DSN8J8/bVyQYVESK7mK1ZJF19eY1ca51BAQpQxzF+Qm/A20x6Rsl8cT+QYXSfxbw==",
        "dependencies": {
          "Microsoft.Bcl.AsyncInterfaces": "6.0.0",
          "System.ComponentModel.Annotations": "5.0.0"
        }
      },
      "Microsoft.SourceLink.GitHub": {
        "type": "Direct",
        "requested": "[8.0.0, )",
        "resolved": "8.0.0",
        "contentHash": "G5q7OqtwIyGTkeIOAc3u2ZuV/kicQaec5EaRnc0pIeSnh9LUjj+PYQrJYBURvDt7twGl2PKA7nSN0kz1Zw5bnQ==",
        "dependencies": {
          "Microsoft.Build.Tasks.Git": "8.0.0",
          "Microsoft.SourceLink.Common": "8.0.0"
        }
      },
      "Reqnroll": {
        "type": "Direct",
        "requested": "[3.0.0, )",
        "resolved": "3.0.0",
        "contentHash": "b2f0QERw3sdHjh3gRVxHp32sa3Sm816Wv6G+o7W8q2PnjMkylEaqUYF/kQnaQJ98omqqfCmD/JSFDrrFM/IYpg==",
        "dependencies": {
          "Cucumber.CucumberExpressions": "17.1.0",
          "Cucumber.HtmlFormatter": "21.14.0",
          "Cucumber.Messages": "28.0.0",
          "Gherkin": "34.0.0",
          "Microsoft.Bcl.AsyncInterfaces": "9.0.6",
          "Microsoft.Extensions.DependencyModel": "8.0.2"
        }
      },
      "Reqnroll.xUnit": {
        "type": "Direct",
        "requested": "[3.0.0, )",
        "resolved": "3.0.0",
        "contentHash": "J96jzIaruyq9O368FE4UZyegwZh8tM5kIFaEzdHPMc4YJxNuv8jmE9+xNXTvK4PbpRBwwi30LxTggP0XlLe5ag==",
        "dependencies": {
          "Reqnroll": "[3.0.0]",
          "Reqnroll.Tools.MsBuild.Generation": "[3.0.0]",
          "Xunit.SkippableFact": "1.4.13",
          "xunit.core": "2.8.1"
        }
      },
      "xunit": {
        "type": "Direct",
        "requested": "[2.9.3, )",
        "resolved": "2.9.3",
        "contentHash": "TlXQBinK35LpOPKHAqbLY4xlEen9TBafjs0V5KnA4wZsoQLQJiirCR4CbIXvOH8NzkW4YeJKP5P/Bnrodm0h9Q==",
        "dependencies": {
          "xunit.analyzers": "1.18.0",
          "xunit.assert": "2.9.3",
          "xunit.core": "[2.9.3]"
        }
      },
      "xunit.runner.visualstudio": {
        "type": "Direct",
        "requested": "[3.1.0, )",
        "resolved": "3.1.0",
        "contentHash": "K9O9TOzugqOo4LJ87uuq1VG8RAqGp20Ng85Wx932oT5LNBkIgeeGYubVW5UMnOOTanFNbGavmbuYrJr4INzSwg=="
      },
      "Aspire.Dashboard.Sdk.win-x64": {
        "type": "Transitive",
        "resolved": "9.2.1",
        "contentHash": "Ps8SfLO0BfNfKhthJ8o+3Rd6ritF2eCafCcWW9vfdT9wcMvn9pujPWPMJo6XVjk1C3zHrPyva9UMTbOT48HKTg=="
      },
      "Aspire.Hosting": {
        "type": "Transitive",
        "resolved": "9.2.1",
        "contentHash": "Awidk6C7nris+LT3Yq48oihv5uVbGmP/4rpO1sLxvxwuxSXEnPkrB2MTGCCqr3Z/e68u9J54s6p8RBdIYwTe0w==",
        "dependencies": {
          "AspNetCore.HealthChecks.Uris": "9.0.0",
          "Google.Protobuf": "3.30.1",
          "Grpc.AspNetCore": "2.70.0",
          "Grpc.Net.ClientFactory": "2.70.0",
          "Grpc.Tools": "2.71.0",
          "Humanizer.Core": "2.14.1",
          "JsonPatch.Net": "3.3.0",
          "KubernetesClient": "16.0.2",
          "Microsoft.Extensions.Configuration.Abstractions": "8.0.0",
          "Microsoft.Extensions.Configuration.Binder": "8.0.2",
          "Microsoft.Extensions.DependencyInjection.Abstractions": "8.0.2",
          "Microsoft.Extensions.Diagnostics.HealthChecks": "8.0.15",
          "Microsoft.Extensions.Hosting": "8.0.1",
          "Microsoft.Extensions.Hosting.Abstractions": "8.0.1",
          "Microsoft.Extensions.Http": "8.0.1",
          "Microsoft.Extensions.Logging.Abstractions": "8.0.3",
          "Microsoft.Extensions.Options": "8.0.2",
          "Microsoft.Extensions.Primitives": "8.0.0",
          "Newtonsoft.Json": "13.0.3",
          "Polly.Core": "8.5.2",
          "StreamJsonRpc": "2.21.69",
          "System.IO.Hashing": "9.0.3"
        }
      },
      "Aspire.Hosting.Orchestration.win-x64": {
        "type": "Transitive",
        "resolved": "9.2.1",
        "contentHash": "zql5k3nKMwCBfpODLt/sy/nKsZM272+LV67e3ehv9Ec2+0mUuPRs2DGx9mzvh7sBYBq53pF7A7pn9E3V6FkOXw=="
      },
      "AspNetCore.HealthChecks.Uris": {
        "type": "Transitive",
        "resolved": "9.0.0",
        "contentHash": "XYdNlA437KeF8p9qOpZFyNqAN+c0FXt/JjTvzH/Qans0q0O3pPE8KPnn39ucQQjR/Roum1vLTP3kXiUs8VHyuA==",
        "dependencies": {
          "Microsoft.Extensions.Diagnostics.HealthChecks": "8.0.11",
          "Microsoft.Extensions.Http": "8.0.0"
        }
      },
      "Cucumber.CucumberExpressions": {
        "type": "Transitive",
        "resolved": "17.1.0",
        "contentHash": "IZFDLLwrUCKuGDXQzmAWZa+kQFpVmVwWD8wEl0UWGOR83UQfzqg8hZeSSNUOXlW0Kh3vMO6kEm3FpNC4amKMaw=="
      },
      "Cucumber.HtmlFormatter": {
        "type": "Transitive",
        "resolved": "21.14.0",
        "contentHash": "pkGsMqbLoLXk6nTYQqFqtWRov8bkVpQKwZRj31Q1xd9m+1ClyHA2rZtVMh4ecakujU62ksTh48qCbw9xi1E+Wg==",
        "dependencies": {
          "Cucumber.Messages": "[27.0.0, 29.0.0)"
        }
      },
      "Cucumber.Messages": {
        "type": "Transitive",
        "resolved": "28.0.0",
        "contentHash": "Kthb+tAd8sKlbBrtxMRI6j8lU8cn/MzbDAPfXuHFTfK2dc6z7777SZV7rnEUrXHisw3l3U5gXRB3BG24B6lwKw=="
      },
      "Fractions": {
        "type": "Transitive",
        "resolved": "7.3.0",
        "contentHash": "2bETFWLBc8b7Ut2SVi+bxhGVwiSpknHYGBh2PADyGWONLkTxT7bKyDRhF8ao+XUv90tq8Fl7GTPxSI5bacIRJw=="
      },
      "Gherkin": {
        "type": "Transitive",
        "resolved": "34.0.0",
        "contentHash": "C7S8aXKI65TfDpwVBkQlRbrqjj4Bv/Qf5CdZPrSJnfdUU9CZZtpLrovuR31iVMR8Oe2XEkdhacHnDUMBNipu/w==",
        "dependencies": {
          "Cucumber.Messages": "[28.0.0, 29.0.0)"
        }
      },
      "Google.Protobuf": {
        "type": "Transitive",
        "resolved": "3.30.1",
        "contentHash": "HeWXDQBabQn/sCGicbeLJ0HMunknfC4FdLrOQOsaMJHcpqx3HVIpyyJqTrqJlWnza870twhOb+rBcaTiC/TlNA=="
      },
      "Grpc.AspNetCore": {
        "type": "Transitive",
        "resolved": "2.70.0",
        "contentHash": "s29ST5F2/PZLzOnfqfeDn0emAZajBtYnV9G7hkbK8Eu9+XphoL3KfiEsg2eBsx7P9YYQXcksDbE+CbHApMZeJA==",
        "dependencies": {
          "Google.Protobuf": "3.27.0",
          "Grpc.AspNetCore.Server.ClientFactory": "2.70.0",
          "Grpc.Tools": "2.70.0"
        }
      },
      "Grpc.AspNetCore.Server": {
        "type": "Transitive",
        "resolved": "2.70.0",
        "contentHash": "9d6JuMLSxwOX4zERV7HBwq1XL8DD48a6FSoxD5dDXrCz/o0HqMXE2+lRcXHckOlz1JCesznW8XMMJdsU1FfY7w==",
        "dependencies": {
          "Grpc.Net.Common": "2.70.0"
        }
      },
      "Grpc.AspNetCore.Server.ClientFactory": {
        "type": "Transitive",
        "resolved": "2.70.0",
        "contentHash": "k4GrvUAgVWm7DyhnV55MHdX4bQSpZVEQmlZO3bdSmGZ+z6Hx+CwDlhqiReczCm6qbzSUbS1YW0t7z7UEObTwKA==",
        "dependencies": {
          "Grpc.AspNetCore.Server": "2.70.0",
          "Grpc.Net.ClientFactory": "2.70.0"
        }
      },
      "Grpc.Core.Api": {
        "type": "Transitive",
        "resolved": "2.70.0",
        "contentHash": "66UotvWcSIq41oiQhLWcQACyKPM4umxXNiht5DQTLZJfNwEswWOcS7Z0xIEHyNIBE7ZpjotH22bEjTkvhPxmVw=="
      },
      "Grpc.Net.Client": {
        "type": "Transitive",
        "resolved": "2.70.0",
        "contentHash": "xNv0FFCVJa5S1beUtye82WFCxKThuE1jbN8DO1x1Rj8VSIWXLBUmfSID5a1fGzsU2R/EMfwPoWclJ2RMfQuGXw==",
        "dependencies": {
          "Grpc.Net.Common": "2.70.0",
          "Microsoft.Extensions.Logging.Abstractions": "6.0.0"
        }
      },
      "Grpc.Net.ClientFactory": {
        "type": "Transitive",
        "resolved": "2.70.0",
        "contentHash": "Qg+93oj/8RdEw3PnLZNNYWnWCWyJYC/ZYZcjeln/pLaxLaPvdXES1peiqSJUI4wLFZ1JwGlbWt8+nM1i2E7ihg==",
        "dependencies": {
          "Grpc.Net.Client": "2.70.0",
          "Microsoft.Extensions.Http": "6.0.0"
        }
      },
      "Grpc.Net.Common": {
        "type": "Transitive",
        "resolved": "2.70.0",
        "contentHash": "rBdEUMyCwa+iB8mqC6JKyPbj3SBHHkReJj/yy/XKJI63GcG6w9DJMMGTVcYHqq4Ci2W4m0HT4jt2pFfFscar8g==",
        "dependencies": {
          "Grpc.Core.Api": "2.70.0"
        }
      },
      "Grpc.Tools": {
        "type": "Transitive",
        "resolved": "2.71.0",
        "contentHash": "r8zHZm7kHdMrtujnkcuQ0BNDH2969at/8Va1ZzQgVblaQzR7tm8JlA3G+5Z5IFbvvf9PcAr1/VcoSR+g7j4Nyw=="
      },
      "Humanizer.Core": {
        "type": "Transitive",
        "resolved": "2.14.1",
        "contentHash": "lQKvtaTDOXnoVJ20ibTuSIOf2i0uO0MPbDhd1jm238I+U/2ZnRENj0cktKZhtchBMtCUSRQ5v4xBCUbKNmyVMw=="
      },
      "IdentityModel": {
        "type": "Transitive",
        "resolved": "7.0.0",
        "contentHash": "to99aLL5Gev1GOb2gUao/UZXT/uXMyjEmHPNrf/vJI2HBD1LMCTeC4SBCe/cqMIB12V9v+eSieq7ff0lju9pOQ=="
      },
      "IdentityModel.OidcClient": {
        "type": "Transitive",
        "resolved": "6.0.0",
        "contentHash": "m2PZbjeG3nXIQ72NLZvFz3FLFk7GmqLnxO/ifUvaTEE3BDZXp7DXAdjDP6TQKaL20+wDnej2ffA1Yh3vVcJOkA==",
        "dependencies": {
          "IdentityModel": "7.0.0",
          "Microsoft.Extensions.Logging.Abstractions": "8.0.0"
        }
      },
      "Json.More.Net": {
        "type": "Transitive",
        "resolved": "2.1.0",
        "contentHash": "qtwsyAsL55y2vB2/sK4Pjg3ZyVzD5KKSpV3lOAMHlnjFfsjQ/86eHJfQT9aV1YysVXzF4+xyHOZbh7Iu3YQ7Lg=="
      },
      "JsonPatch.Net": {
        "type": "Transitive",
        "resolved": "3.3.0",
        "contentHash": "GIcMMDtzfzVfIpQgey8w7dhzcw6jG5nD4DDAdQCTmHfblkCvN7mI8K03to8YyUhKMl4PTR6D6nLSvWmyOGFNTg==",
        "dependencies": {
          "JsonPointer.Net": "5.2.0"
        }
      },
      "JsonPointer.Net": {
        "type": "Transitive",
        "resolved": "5.2.0",
        "contentHash": "qe1F7Tr/p4mgwLPU9P60MbYkp+xnL2uCPnWXGgzfR/AZCunAZIC0RZ32dLGJJEhSuLEfm0YF/1R3u5C7mEVq+w==",
        "dependencies": {
          "Humanizer.Core": "2.14.1",
          "Json.More.Net": "2.1.0"
        }
      },
      "KubernetesClient": {
        "type": "Transitive",
        "resolved": "16.0.2",
        "contentHash": "MTec7O7S23OtffS7lGnt75Q3h2/Jdl+y54uoJyP6MeGnvzeuAGq5n8QSaqUkLvDILvD92FS5kcEqpiCr79UnWQ==",
        "dependencies": {
          "Fractions": "7.3.0",
          "IdentityModel.OidcClient": "6.0.0",
          "System.IdentityModel.Tokens.Jwt": "8.3.0",
          "YamlDotNet": "16.3.0"
        }
      },
      "MessagePack": {
        "type": "Transitive",
        "resolved": "2.5.192",
        "contentHash": "Jtle5MaFeIFkdXtxQeL9Tu2Y3HsAQGoSntOzrn6Br/jrl6c8QmG22GEioT5HBtZJR0zw0s46OnKU8ei2M3QifA==",
        "dependencies": {
          "MessagePack.Annotations": "2.5.192",
          "Microsoft.NET.StringTools": "17.6.3"
        }
      },
      "MessagePack.Annotations": {
        "type": "Transitive",
        "resolved": "2.5.192",
        "contentHash": "jaJuwcgovWIZ8Zysdyf3b7b34/BrADw4v82GaEZymUhDd3ScMPrYd/cttekeDteJJPXseJxp04yTIcxiVUjTWg=="
      },
      "Microsoft.Bcl.AsyncInterfaces": {
        "type": "Transitive",
        "resolved": "9.0.6",
        "contentHash": "82rLw487j5jBXEi2r3WvA/cagOhcRREVRtet6izzjDMY+i392W5oNSN2KCtuIvlTpyMONEUD0MIlGAgDdsvQ/w=="
      },
      "Microsoft.Build.Tasks.Git": {
        "type": "Transitive",
        "resolved": "8.0.0",
        "contentHash": "bZKfSIKJRXLTuSzLudMFte/8CempWjVamNUR5eHJizsy+iuOuO/k2gnh7W0dHJmYY0tBf+gUErfluCv5mySAOQ=="
      },
      "Microsoft.CodeCoverage": {
        "type": "Transitive",
        "resolved": "18.0.1",
        "contentHash": "O+utSr97NAJowIQT/OVp3Lh9QgW/wALVTP4RG1m2AfFP4IyJmJz0ZBmFJUsRQiAPgq6IRC0t8AAzsiPIsaUDEA=="
      },
      "Microsoft.Extensions.AmbientMetadata.Application": {
        "type": "Transitive",
        "resolved": "9.5.0",
        "contentHash": "GHgq9tfncuDSaPtwd1od9It3omPuq5PmHDkTWC91VRy75SWvvT7AX+zyDEurp1+oYgLEObQ6PICv+hZvht8dig==",
        "dependencies": {
          "Microsoft.Extensions.Configuration": "9.0.5",
          "Microsoft.Extensions.Hosting.Abstractions": "9.0.5",
          "Microsoft.Extensions.Options.ConfigurationExtensions": "9.0.5"
        }
      },
      "Microsoft.Extensions.Compliance.Abstractions": {
        "type": "Transitive",
        "resolved": "9.5.0",
        "contentHash": "jK7bWPhu60GvcVSqMXOdV6ZLOP5rnwvmlqSD2E5fTkAXwoGYUV/5U3tQbvlZtOpeXTu509eg2VEb+l66d7dtSg==",
        "dependencies": {
          "Microsoft.Extensions.DependencyInjection.Abstractions": "9.0.5",
          "Microsoft.Extensions.ObjectPool": "9.0.5"
        }
      },
      "Microsoft.Extensions.Configuration": {
        "type": "Transitive",
        "resolved": "9.0.5",
        "contentHash": "uYXLg2Gt8KUH5nT3u+TBpg9VrRcN5+2zPmIjqEHR4kOoBwsbtMDncEJw9HiLvZqGgIo2TR4oraibAoy5hXn2bQ==",
        "dependencies": {
          "Microsoft.Extensions.Configuration.Abstractions": "9.0.5",
          "Microsoft.Extensions.Primitives": "9.0.5"
        }
      },
      "Microsoft.Extensions.Configuration.Abstractions": {
        "type": "Transitive",
        "resolved": "9.0.5",
        "contentHash": "ew0G6gIznnyAkbIa67wXspkDFcVektjN3xaDAfBDIPbWph+rbuGaaohFxUSGw28ht7wdcWtTtElKnzfkcDDbOQ==",
        "dependencies": {
          "Microsoft.Extensions.Primitives": "9.0.5"
        }
      },
      "Microsoft.Extensions.Configuration.Binder": {
        "type": "Transitive",
        "resolved": "9.0.5",
        "contentHash": "7pQ4Tkyofm8DFWFhqn9ZmG8qSAC2VitWleATj5qob9V9KtoxCVdwRtmiVl/ha3WAgjkEfW++JLWXox9MJwMgkg==",
        "dependencies": {
          "Microsoft.Extensions.Configuration.Abstractions": "9.0.5"
        }
      },
      "Microsoft.Extensions.Configuration.CommandLine": {
        "type": "Transitive",
        "resolved": "9.0.4",
        "contentHash": "TbM2HElARG7z1gxwakdppmOkm1SykPqDcu3EF97daEwSb/+TXnRrFfJtF+5FWWxcsNhbRrmLfS2WszYcab7u1A==",
        "dependencies": {
          "Microsoft.Extensions.Configuration": "9.0.4",
          "Microsoft.Extensions.Configuration.Abstractions": "9.0.4"
        }
      },
      "Microsoft.Extensions.Configuration.EnvironmentVariables": {
        "type": "Transitive",
        "resolved": "9.0.4",
        "contentHash": "2IGiG3FtVnD83IA6HYGuNei8dOw455C09yEhGl8bjcY6aGZgoC6yhYvDnozw8wlTowfoG9bxVrdTsr2ACZOYHg==",
        "dependencies": {
          "Microsoft.Extensions.Configuration": "9.0.4",
          "Microsoft.Extensions.Configuration.Abstractions": "9.0.4"
        }
      },
      "Microsoft.Extensions.Configuration.FileExtensions": {
        "type": "Transitive",
        "resolved": "9.0.4",
        "contentHash": "UY864WQ3AS2Fkc8fYLombWnjrXwYt+BEHHps0hY4sxlgqaVW06AxbpgRZjfYf8PyRbplJqruzZDB/nSLT+7RLQ==",
        "dependencies": {
          "Microsoft.Extensions.Configuration": "9.0.4",
          "Microsoft.Extensions.Configuration.Abstractions": "9.0.4",
          "Microsoft.Extensions.FileProviders.Abstractions": "9.0.4",
          "Microsoft.Extensions.FileProviders.Physical": "9.0.4",
          "Microsoft.Extensions.Primitives": "9.0.4"
        }
      },
      "Microsoft.Extensions.Configuration.Json": {
        "type": "Transitive",
        "resolved": "9.0.4",
        "contentHash": "vVXI70CgT/dmXV3MM+n/BR2rLXEoAyoK0hQT+8MrbCMuJBiLRxnTtSrksNiASWCwOtxo/Tyy7CO8AGthbsYxnw==",
        "dependencies": {
          "Microsoft.Extensions.Configuration": "9.0.4",
          "Microsoft.Extensions.Configuration.Abstractions": "9.0.4",
          "Microsoft.Extensions.Configuration.FileExtensions": "9.0.4",
          "Microsoft.Extensions.FileProviders.Abstractions": "9.0.4"
        }
      },
      "Microsoft.Extensions.Configuration.UserSecrets": {
        "type": "Transitive",
        "resolved": "9.0.4",
        "contentHash": "zuvyC72gJkJyodyGowCuz3EQ1QvzNXJtKusuRzmjoHr17aeB3X0aSiKFB++HMHnQIWWlPOBf9YHTQfEqzbgl1g==",
        "dependencies": {
          "Microsoft.Extensions.Configuration.Abstractions": "9.0.4",
          "Microsoft.Extensions.Configuration.Json": "9.0.4",
          "Microsoft.Extensions.FileProviders.Abstractions": "9.0.4",
          "Microsoft.Extensions.FileProviders.Physical": "9.0.4"
        }
      },
      "Microsoft.Extensions.DependencyInjection.AutoActivation": {
        "type": "Transitive",
        "resolved": "9.5.0",
        "contentHash": "JT0VpQl0yrkqdQB8IrN3IqI5frfH8BzuHSsHbNU0Y1qbG/F+gF6A7rBAZTR4NfxQHTwTrO7tnrrVixEmBQ/PyQ==",
        "dependencies": {
          "Microsoft.Extensions.Hosting.Abstractions": "9.0.5"
        }
      },
      "Microsoft.Extensions.DependencyModel": {
        "type": "Transitive",
        "resolved": "8.0.2",
        "contentHash": "mUBDZZRgZrSyFOsJ2qJJ9fXfqd/kXJwf3AiDoqLD9m6TjY5OO/vLNOb9fb4juC0487eq4hcGN/M2Rh/CKS7QYw=="
      },
      "Microsoft.Extensions.Diagnostics": {
        "type": "Transitive",
        "resolved": "9.0.5",
        "contentHash": "fRiUjmhm9e4vMp6WEO9MgWNxVtWSr4Pcgh1W4DyJIr8bRANlZz9JU7uicf7ShzMspDxo/9Ejo9zJ6qQZY0IhVw==",
        "dependencies": {
          "Microsoft.Extensions.Configuration": "9.0.5",
          "Microsoft.Extensions.Diagnostics.Abstractions": "9.0.5",
          "Microsoft.Extensions.Options.ConfigurationExtensions": "9.0.5"
        }
      },
      "Microsoft.Extensions.Diagnostics.Abstractions": {
        "type": "Transitive",
        "resolved": "9.0.5",
        "contentHash": "6YfTcULCYREMTqtk+s3UiszsFV2xN2FXtxdQpurmQJY9Cp/QGiM4MTKfJKUo7AzdLuzjOKKMWjQITmvtK7AsUg==",
        "dependencies": {
          "Microsoft.Extensions.DependencyInjection.Abstractions": "9.0.5",
          "Microsoft.Extensions.Options": "9.0.5"
        }
      },
      "Microsoft.Extensions.Diagnostics.ExceptionSummarization": {
        "type": "Transitive",
        "resolved": "9.5.0",
        "contentHash": "QKLs7fG05WqLyp5zOGENZ18XZzVJ2TCw7WTnsQcDwQqA34YOev2vBmIk4FwtPqPieGdqQhzcN032nZkKacIrdQ==",
        "dependencies": {
          "Microsoft.Extensions.DependencyInjection.Abstractions": "9.0.5"
        }
      },
      "Microsoft.Extensions.Diagnostics.HealthChecks.Abstractions": {
        "type": "Transitive",
        "resolved": "9.0.4",
        "contentHash": "XM6WwNbDkVuGhDN89eKxA2Og2eMDXB0PVI7PEzl2R0MbFjYUlfTh7D7vBPEWUVCf2zPDAFiwcMlnVzi6Umq5mg=="
      },
      "Microsoft.Extensions.FileProviders.Abstractions": {
        "type": "Transitive",
        "resolved": "9.0.5",
        "contentHash": "LLm+e8lvD+jOI+blHRSxPqywPaohOTNcVzQv548R1UpkEiNB2D+zf3RrqxBdB1LDPicRMTnfiaKJovxF8oX1bQ==",
        "dependencies": {
          "Microsoft.Extensions.Primitives": "9.0.5"
        }
      },
      "Microsoft.Extensions.FileProviders.Physical": {
        "type": "Transitive",
        "resolved": "9.0.4",
        "contentHash": "qkQ9V7KFZdTWNThT7ke7E/Jad38s46atSs3QUYZB8f3thBTrcrousdY4Y/tyCtcH5YjsPSiByjuN+L8W/ThMQg==",
        "dependencies": {
          "Microsoft.Extensions.FileProviders.Abstractions": "9.0.4",
          "Microsoft.Extensions.FileSystemGlobbing": "9.0.4",
          "Microsoft.Extensions.Primitives": "9.0.4"
        }
      },
      "Microsoft.Extensions.FileSystemGlobbing": {
        "type": "Transitive",
        "resolved": "9.0.4",
        "contentHash": "05Lh2ItSk4mzTdDWATW9nEcSybwprN8Tz42Fs5B+jwdXUpauktdAQUI1Am4sUQi2C63E5hvQp8gXvfwfg9mQGQ=="
      },
      "Microsoft.Extensions.Hosting": {
        "type": "Transitive",
        "resolved": "9.0.4",
        "contentHash": "1rZwLE+tTUIyZRUzmlk/DQj+v+Eqox+rjb+X7Fi+cYTbQfIZPYwpf1pVybsV3oje8+Pe4GaNukpBVUlPYeQdeQ==",
        "dependencies": {
          "Microsoft.Extensions.Configuration": "9.0.4",
          "Microsoft.Extensions.Configuration.Abstractions": "9.0.4",
          "Microsoft.Extensions.Configuration.Binder": "9.0.4",
          "Microsoft.Extensions.Configuration.CommandLine": "9.0.4",
          "Microsoft.Extensions.Configuration.EnvironmentVariables": "9.0.4",
          "Microsoft.Extensions.Configuration.FileExtensions": "9.0.4",
          "Microsoft.Extensions.Configuration.Json": "9.0.4",
          "Microsoft.Extensions.Configuration.UserSecrets": "9.0.4",
          "Microsoft.Extensions.DependencyInjection": "9.0.4",
          "Microsoft.Extensions.DependencyInjection.Abstractions": "9.0.4",
          "Microsoft.Extensions.Diagnostics": "9.0.4",
          "Microsoft.Extensions.FileProviders.Abstractions": "9.0.4",
          "Microsoft.Extensions.FileProviders.Physical": "9.0.4",
          "Microsoft.Extensions.Hosting.Abstractions": "9.0.4",
          "Microsoft.Extensions.Logging": "9.0.4",
          "Microsoft.Extensions.Logging.Abstractions": "9.0.4",
          "Microsoft.Extensions.Logging.Configuration": "9.0.4",
          "Microsoft.Extensions.Logging.Console": "9.0.4",
          "Microsoft.Extensions.Logging.Debug": "9.0.4",
          "Microsoft.Extensions.Logging.EventLog": "9.0.4",
          "Microsoft.Extensions.Logging.EventSource": "9.0.4",
          "Microsoft.Extensions.Options": "9.0.4"
        }
      },
      "Microsoft.Extensions.Http": {
        "type": "Transitive",
        "resolved": "9.0.5",
        "contentHash": "6vbo3XjyEc+w/kv/Dkfv9NA7iSdIdX5dlU9Shk3wJJ0fiZpCVzVW5FJtNoIePX5hS0ENNpHPClq/qtq06yM4FQ==",
        "dependencies": {
          "Microsoft.Extensions.Configuration.Abstractions": "9.0.5",
          "Microsoft.Extensions.DependencyInjection.Abstractions": "9.0.5",
          "Microsoft.Extensions.Diagnostics": "9.0.5",
          "Microsoft.Extensions.Logging": "9.0.5",
          "Microsoft.Extensions.Logging.Abstractions": "9.0.5",
          "Microsoft.Extensions.Options": "9.0.5"
        }
      },
      "Microsoft.Extensions.Http.Diagnostics": {
        "type": "Transitive",
        "resolved": "9.5.0",
        "contentHash": "K5VI2QA3Y2s675IyyhA34xKkUK0XZKgXU0ddXOkuCuHiEWLKs/McNVGP1Qw5B5UEGxrei7aj20Ssm+9JJ6yTlg==",
        "dependencies": {
          "Microsoft.Extensions.DependencyInjection.AutoActivation": "9.5.0",
          "Microsoft.Extensions.Http": "9.0.5",
          "Microsoft.Extensions.Options.ConfigurationExtensions": "9.0.5",
          "Microsoft.Extensions.Telemetry": "9.5.0"
        }
      },
      "Microsoft.Extensions.Logging": {
        "type": "Transitive",
        "resolved": "9.0.5",
        "contentHash": "rQU61lrgvpE/UgcAd4E56HPxUIkX/VUQCxWmwDTLLVeuwRDYTL0q/FLGfAW17cGTKyCh7ywYAEnY3sTEvURsfg==",
        "dependencies": {
          "Microsoft.Extensions.DependencyInjection": "9.0.5",
          "Microsoft.Extensions.Logging.Abstractions": "9.0.5",
          "Microsoft.Extensions.Options": "9.0.5"
        }
      },
      "Microsoft.Extensions.Logging.Configuration": {
        "type": "Transitive",
        "resolved": "9.0.5",
        "contentHash": "WgYTJ1/dxdzqaYYMrgC6cZXJVmaoxUmWgsvR9Kg5ZARpy0LMw7fZIZMIiVuaxhItwwFIW0ruhAN+Er2/oVZgmQ==",
        "dependencies": {
          "Microsoft.Extensions.Configuration": "9.0.5",
          "Microsoft.Extensions.Configuration.Abstractions": "9.0.5",
          "Microsoft.Extensions.Configuration.Binder": "9.0.5",
          "Microsoft.Extensions.DependencyInjection.Abstractions": "9.0.5",
          "Microsoft.Extensions.Logging": "9.0.5",
          "Microsoft.Extensions.Logging.Abstractions": "9.0.5",
          "Microsoft.Extensions.Options": "9.0.5",
          "Microsoft.Extensions.Options.ConfigurationExtensions": "9.0.5"
        }
      },
      "Microsoft.Extensions.Logging.Console": {
        "type": "Transitive",
        "resolved": "9.0.4",
        "contentHash": "cI0lQe0js65INCTCtAgnlVJWKgzgoRHVAW1B1zwCbmcliO4IZoTf92f1SYbLeLk7FzMJ/GlCvjLvJegJ6kltmQ==",
        "dependencies": {
          "Microsoft.Extensions.DependencyInjection.Abstractions": "9.0.4",
          "Microsoft.Extensions.Logging": "9.0.4",
          "Microsoft.Extensions.Logging.Abstractions": "9.0.4",
          "Microsoft.Extensions.Logging.Configuration": "9.0.4",
          "Microsoft.Extensions.Options": "9.0.4"
        }
      },
      "Microsoft.Extensions.Logging.Debug": {
        "type": "Transitive",
        "resolved": "9.0.4",
        "contentHash": "D1jy+jy+huUUxnkZ0H480RZK8vqKn8NsQxYpMpPL/ALPPh1WATVLcr/uXI3RUBB45wMW5265O+hk9x3jnnXFuA==",
        "dependencies": {
          "Microsoft.Extensions.DependencyInjection.Abstractions": "9.0.4",
          "Microsoft.Extensions.Logging": "9.0.4",
          "Microsoft.Extensions.Logging.Abstractions": "9.0.4"
        }
      },
      "Microsoft.Extensions.Logging.EventLog": {
        "type": "Transitive",
        "resolved": "9.0.4",
        "contentHash": "bApxdklf7QTsONOLR5ow6SdDFXR5ncHvumSEg2+QnCvxvkzc2z5kNn7yQCyupRLRN4jKbnlTkVX8x9qLlwL6Qg==",
        "dependencies": {
          "Microsoft.Extensions.DependencyInjection.Abstractions": "9.0.4",
          "Microsoft.Extensions.Logging": "9.0.4",
          "Microsoft.Extensions.Logging.Abstractions": "9.0.4",
          "Microsoft.Extensions.Options": "9.0.4",
          "System.Diagnostics.EventLog": "9.0.4"
        }
      },
      "Microsoft.Extensions.Logging.EventSource": {
        "type": "Transitive",
        "resolved": "9.0.4",
        "contentHash": "R600zTxVJNw2IeAEOvdOJGNA1lHr1m3vo460hSF5G1DjwP0FNpyeH4lpLDMuf34diKwB1LTt5hBw1iF1/iuwsQ==",
        "dependencies": {
          "Microsoft.Extensions.DependencyInjection.Abstractions": "9.0.4",
          "Microsoft.Extensions.Logging": "9.0.4",
          "Microsoft.Extensions.Logging.Abstractions": "9.0.4",
          "Microsoft.Extensions.Options": "9.0.4",
          "Microsoft.Extensions.Primitives": "9.0.4"
        }
      },
      "Microsoft.Extensions.ObjectPool": {
        "type": "Transitive",
        "resolved": "9.0.5",
        "contentHash": "C0VDKwSwNfc3YCLuno6Dip0un9LFmvuSvhpCC4ckpz6nrOmiM5JSJspQiY1dGCDRXJKFeZxa2hDpCLRL8WiBhw=="
      },
      "Microsoft.Extensions.Options.ConfigurationExtensions": {
        "type": "Transitive",
        "resolved": "9.0.5",
        "contentHash": "CJbAVdovKPFh2FoKxesu20odRVSbL/vtvzzObnG+5u38sOfzRS2Ncy25id0TjYUGQzMhNnJUHgTUzTMDl/3c9g==",
        "dependencies": {
          "Microsoft.Extensions.Configuration.Abstractions": "9.0.5",
          "Microsoft.Extensions.Configuration.Binder": "9.0.5",
          "Microsoft.Extensions.DependencyInjection.Abstractions": "9.0.5",
          "Microsoft.Extensions.Options": "9.0.5",
          "Microsoft.Extensions.Primitives": "9.0.5"
        }
      },
      "Microsoft.Extensions.Primitives": {
        "type": "Transitive",
        "resolved": "9.0.5",
        "contentHash": "b4OAv1qE1C9aM+ShWJu3rlo/WjDwa/I30aIPXqDWSKXTtKl1Wwh6BZn+glH5HndGVVn3C6ZAPQj5nv7/7HJNBQ=="
      },
      "Microsoft.Extensions.Resilience": {
        "type": "Transitive",
        "resolved": "9.5.0",
        "contentHash": "KoL2rlNW/l+CWfiIFb8ZjBaqgY5DSnla5ZIxBvt5BdkGZ+xoe7ZMEw62FeQ+yot053VEPbPpZ/iTnX3zZ6kB3Q==",
        "dependencies": {
          "Microsoft.Extensions.Diagnostics": "9.0.5",
          "Microsoft.Extensions.Diagnostics.ExceptionSummarization": "9.5.0",
          "Microsoft.Extensions.Options.ConfigurationExtensions": "9.0.5",
          "Microsoft.Extensions.Telemetry.Abstractions": "9.5.0",
          "Polly.Extensions": "8.4.2",
          "Polly.RateLimiting": "8.4.2"
        }
      },
      "Microsoft.Extensions.Telemetry": {
        "type": "Transitive",
        "resolved": "9.5.0",
        "contentHash": "oaLcdlYgsEl6YAUdwrBHFakGgkHxifOTZQXu6T57OvRm0DByJhn2YyeijUOM2iDIDUJObZhG5A9qL/JNehZydw==",
        "dependencies": {
          "Microsoft.Extensions.AmbientMetadata.Application": "9.5.0",
          "Microsoft.Extensions.DependencyInjection.AutoActivation": "9.5.0",
          "Microsoft.Extensions.Logging.Configuration": "9.0.5",
          "Microsoft.Extensions.ObjectPool": "9.0.5",
          "Microsoft.Extensions.Telemetry.Abstractions": "9.5.0"
        }
      },
      "Microsoft.Extensions.Telemetry.Abstractions": {
        "type": "Transitive",
        "resolved": "9.5.0",
        "contentHash": "vYQAUcMkW06G973ocSzJT5WFWSN7J5l3yZTQF99nUhWP/pJ1SjYBxXXCk/7jqYnBjFJgsmdrP+JxqJio/EvyQQ==",
        "dependencies": {
          "Microsoft.Extensions.Compliance.Abstractions": "9.5.0",
          "Microsoft.Extensions.Logging.Abstractions": "9.0.5",
          "Microsoft.Extensions.ObjectPool": "9.0.5",
          "Microsoft.Extensions.Options": "9.0.5"
        }
      },
      "Microsoft.IdentityModel.Abstractions": {
        "type": "Transitive",
        "resolved": "8.3.0",
        "contentHash": "jNin7yvWZu+K3U24q+6kD+LmGSRfbkHl9Px8hN1XrGwq6ZHgKGi/zuTm5m08G27fwqKfVXIWuIcUeq4Y1VQUOg=="
      },
      "Microsoft.IdentityModel.JsonWebTokens": {
        "type": "Transitive",
        "resolved": "8.3.0",
        "contentHash": "4SVXLT8sDG7CrHiszEBrsDYi+aDW0W9d+fuWUGdZPBdan56aM6fGXJDjbI0TVGEDjJhXbACQd8F/BnC7a+m2RQ==",
        "dependencies": {
          "Microsoft.IdentityModel.Tokens": "8.3.0"
        }
      },
      "Microsoft.IdentityModel.Logging": {
        "type": "Transitive",
        "resolved": "8.3.0",
        "contentHash": "4w4pSIGHhCCLTHqtVNR2Cc/zbDIUWIBHTZCu/9ZHm2SVwrXY3RJMcZ7EFGiKqmKZMQZJzA0bpwCZ6R8Yb7i5VQ==",
        "dependencies": {
          "Microsoft.IdentityModel.Abstractions": "8.3.0"
        }
      },
      "Microsoft.IdentityModel.Tokens": {
        "type": "Transitive",
        "resolved": "8.3.0",
        "contentHash": "yGzqmk+kInH50zeSEH/L1/J0G4/yqTQNq4YmdzOhpE7s/86tz37NS2YbbY2ievbyGjmeBI1mq26QH+yBR6AK3Q==",
        "dependencies": {
          "Microsoft.IdentityModel.Logging": "8.3.0"
        }
      },
      "Microsoft.NET.StringTools": {
        "type": "Transitive",
        "resolved": "17.6.3",
        "contentHash": "N0ZIanl1QCgvUumEL1laasU0a7sOE5ZwLZVTn0pAePnfhq8P7SvTjF8Axq+CnavuQkmdQpGNXQ1efZtu5kDFbA=="
      },
      "Microsoft.SourceLink.Common": {
        "type": "Transitive",
        "resolved": "8.0.0",
        "contentHash": "dk9JPxTCIevS75HyEQ0E4OVAFhB2N+V9ShCXf8Q6FkUQZDkgLI12y679Nym1YqsiSysuQskT7Z+6nUf3yab6Vw=="
      },
      "Microsoft.TestPlatform.ObjectModel": {
        "type": "Transitive",
        "resolved": "18.0.1",
        "contentHash": "qT/mwMcLF9BieRkzOBPL2qCopl8hQu6A1P7JWAoj/FMu5i9vds/7cjbJ/LLtaiwWevWLAeD5v5wjQJ/l6jvhWQ=="
      },
      "Microsoft.TestPlatform.TestHost": {
        "type": "Transitive",
        "resolved": "18.0.1",
        "contentHash": "uDJKAEjFTaa2wHdWlfo6ektyoh+WD4/Eesrwb4FpBFKsLGehhACVnwwTI4qD3FrIlIEPlxdXg3SyrYRIcO+RRQ==",
        "dependencies": {
          "Microsoft.TestPlatform.ObjectModel": "18.0.1",
          "Newtonsoft.Json": "13.0.3"
        }
      },
      "Microsoft.VisualStudio.Threading.Only": {
        "type": "Transitive",
        "resolved": "17.13.61",
        "contentHash": "vl5a2URJYCO5m+aZZtNlAXAMz28e2pUotRuoHD7RnCWOCeoyd8hWp5ZBaLNYq4iEj2oeJx5ZxiSboAjVmB20Qg==",
        "dependencies": {
          "Microsoft.VisualStudio.Validation": "17.8.8"
        }
      },
      "Microsoft.VisualStudio.Validation": {
        "type": "Transitive",
        "resolved": "17.8.8",
        "contentHash": "rWXThIpyQd4YIXghNkiv2+VLvzS+MCMKVRDR0GAMlflsdo+YcAN2g2r5U1Ah98OFjQMRexTFtXQQ2LkajxZi3g=="
      },
      "Nerdbank.Streams": {
        "type": "Transitive",
        "resolved": "2.11.90",
        "contentHash": "7jrOfU6b/PVBccqzNLfw9u84WWzkSpvWLb2mZxvwdQkOx/V9FXWkmnp/rjOnBFDOhrO/ev4+gQ5QS13FkgNSBA==",
        "dependencies": {
          "Microsoft.Bcl.AsyncInterfaces": "8.0.0",
          "Microsoft.VisualStudio.Threading.Only": "17.13.61",
          "Microsoft.VisualStudio.Validation": "17.8.8"
        }
      },
      "Newtonsoft.Json": {
        "type": "Transitive",
        "resolved": "13.0.3",
        "contentHash": "HrC5BXdl00IP9zeV+0Z848QWPAoCr9P3bDEZguI+gkLcBKAOxix/tLEAAHC+UvDNPv4a2d18lOReHMOagPa+zQ=="
      },
      "Polly.Extensions": {
        "type": "Transitive",
        "resolved": "8.5.2",
        "contentHash": "NcUEkeMB7LMsLBXzY9PuuKP7ylXngUEuhmaWxCrlXqYLbVQQzG1ulAnaEQ2LM1zlSoxRftAjCuhPIH40qeWAlg==",
        "dependencies": {
          "Microsoft.Extensions.Logging.Abstractions": "8.0.0",
          "Microsoft.Extensions.Options": "8.0.0",
          "Polly.Core": "8.5.2"
        }
      },
      "Polly.RateLimiting": {
        "type": "Transitive",
        "resolved": "8.4.2",
        "contentHash": "ehTImQ/eUyO07VYW2WvwSmU9rRH200SKJ/3jku9rOkyWE0A2JxNFmAVms8dSn49QLSjmjFRRSgfNyOgr/2PSmA==",
        "dependencies": {
          "Polly.Core": "8.4.2",
          "System.Threading.RateLimiting": "8.0.0"
        }
      },
      "Reqnroll.Tools.MsBuild.Generation": {
        "type": "Transitive",
        "resolved": "3.0.0",
        "contentHash": "Rqizgmw+N584EheE10HhIAglEofvyb2EbiblTHD6k5BuAm7NoYX7xPmoGy4QiJs09WYnq1R9noEibeZ/JsTqpQ==",
        "dependencies": {
          "Reqnroll": "[3.0.0]"
        }
      },
      "StreamJsonRpc": {
        "type": "Transitive",
        "resolved": "2.21.69",
        "contentHash": "WbTpn/PIo+HpFYnsOCiOOe0kHUE2N1eiVRi7MO70DFBTMG3pAOfrgHtwUpOJ37dfDETq/9P9WNIbHom4ABZfrA==",
        "dependencies": {
          "MessagePack": "2.5.192",
          "Microsoft.Bcl.AsyncInterfaces": "8.0.0",
          "Microsoft.VisualStudio.Threading.Only": "17.13.61",
          "Microsoft.VisualStudio.Validation": "17.8.8",
          "Nerdbank.Streams": "2.11.90",
          "Newtonsoft.Json": "13.0.3"
        }
      },
      "System.ComponentModel.Annotations": {
        "type": "Transitive",
        "resolved": "5.0.0",
        "contentHash": "dMkqfy2el8A8/I76n2Hi1oBFEbG1SfxD2l5nhwXV3XjlnOmwxJlQbYpJH4W51odnU9sARCSAgv7S3CyAFMkpYg=="
      },
      "System.Diagnostics.EventLog": {
        "type": "Transitive",
        "resolved": "9.0.4",
        "contentHash": "getRQEXD8idlpb1KW56XuxImMy0FKp2WJPDf3Qr0kI/QKxxJSftqfDFVo0DZ3HCJRLU73qHSruv5q2l5O47jQQ=="
      },
      "System.IdentityModel.Tokens.Jwt": {
        "type": "Transitive",
        "resolved": "8.3.0",
        "contentHash": "9GESpDG0Zb17HD5mBW/uEWi2yz/uKPmCthX2UhyLnk42moGH2FpMgXA2Y4l2Qc7P75eXSUTA6wb/c9D9GSVkzw==",
        "dependencies": {
          "Microsoft.IdentityModel.JsonWebTokens": "8.3.0",
          "Microsoft.IdentityModel.Tokens": "8.3.0"
        }
      },
      "System.IO.Hashing": {
        "type": "Transitive",
        "resolved": "9.0.3",
        "contentHash": "BrMGzDRLz410PE4qC8UeKeAc0hFRjBkiCUOLTwuod65NAjqg5tDNqYU7gP0A09taEXtecB+HJc1NNnnTjsKFAQ=="
      },
      "System.Threading.RateLimiting": {
        "type": "Transitive",
        "resolved": "8.0.0",
        "contentHash": "7mu9v0QDv66ar3DpGSZHg9NuNcxDaaAcnMULuZlaTpP9+hwXhrxNGsF5GmLkSHxFdb5bBc1TzeujsRgTrPWi+Q=="
      },
      "Validation": {
        "type": "Transitive",
        "resolved": "2.4.18",
        "contentHash": "NfvWJ1QeuZ1FQCkqgXTu1cOkRkbNCfxs4Tat+abXLwom6OXbULVhRGp34BTvVB4XPxj6VIAl7KfLfStXMt/Ehw=="
      },
      "xunit.abstractions": {
        "type": "Transitive",
        "resolved": "2.0.3",
        "contentHash": "pot1I4YOxlWjIb5jmwvvQNbTrZ3lJQ+jUGkGjWE3hEFM0l5gOnBWS+H3qsex68s5cO52g+44vpGzhAt+42vwKg=="
      },
      "xunit.analyzers": {
        "type": "Transitive",
        "resolved": "1.18.0",
        "contentHash": "OtFMHN8yqIcYP9wcVIgJrq01AfTxijjAqVDy/WeQVSyrDC1RzBWeQPztL49DN2syXRah8TYnfvk035s7L95EZQ=="
      },
      "xunit.assert": {
        "type": "Transitive",
        "resolved": "2.9.3",
        "contentHash": "/Kq28fCE7MjOV42YLVRAJzRF0WmEqsmflm0cfpMjGtzQ2lR5mYVj1/i0Y8uDAOLczkL3/jArrwehfMD0YogMAA=="
      },
      "xunit.core": {
        "type": "Transitive",
        "resolved": "2.9.3",
        "contentHash": "BiAEvqGvyme19wE0wTKdADH+NloYqikiU0mcnmiNyXaF9HyHmE6sr/3DC5vnBkgsWaE6yPyWszKSPSApWdRVeQ==",
        "dependencies": {
          "xunit.extensibility.core": "[2.9.3]",
          "xunit.extensibility.execution": "[2.9.3]"
        }
      },
      "xunit.extensibility.core": {
        "type": "Transitive",
        "resolved": "2.9.3",
        "contentHash": "kf3si0YTn2a8J8eZNb+zFpwfoyvIrQ7ivNk5ZYA5yuYk1bEtMe4DxJ2CF/qsRgmEnDr7MnW1mxylBaHTZ4qErA==",
        "dependencies": {
          "xunit.abstractions": "2.0.3"
        }
      },
      "xunit.extensibility.execution": {
        "type": "Transitive",
        "resolved": "2.9.3",
        "contentHash": "yMb6vMESlSrE3Wfj7V6cjQ3S4TXdXpRqYeNEI3zsX31uTsGMJjEw6oD5F5u1cHnMptjhEECnmZSsPxB6ChZHDQ==",
        "dependencies": {
          "xunit.extensibility.core": "[2.9.3]"
        }
      },
      "Xunit.SkippableFact": {
        "type": "Transitive",
        "resolved": "1.4.13",
        "contentHash": "IyzZNvJEtXGlXrzxDiSbtH5Lyxf4iJdRQADuyjGdDf00LjXRLJwIoezQNFhFGKTMtvk8IIgaSHxW4mAV4O7b8A==",
        "dependencies": {
          "Validation": "2.4.18",
          "xunit.extensibility.execution": "2.4.0"
        }
      },
      "workflowframework.dashboard.apphost": {
        "type": "Project",
        "dependencies": {
          "Aspire.Dashboard.Sdk.win-x64": "[9.2.1, )",
          "Aspire.Hosting.AppHost": "[9.2.1, )",
          "Aspire.Hosting.Orchestration.win-x64": "[9.2.1, )"
        }
      },
      "Aspire.Hosting.AppHost": {
        "type": "CentralTransitive",
        "requested": "[9.2.1, )",
        "resolved": "9.2.1",
        "contentHash": "fnJKXvMD82ma7nEug+b9BZq0zUcyD+TJZei+f7BWkfRrTKznch56P2hNWmQHCRG0ZicTB6SbKuRtVa3i7uFf1Q==",
        "dependencies": {
          "AspNetCore.HealthChecks.Uris": "9.0.0",
          "Aspire.Hosting": "9.2.1",
          "Google.Protobuf": "3.30.1",
          "Grpc.AspNetCore": "2.70.0",
          "Grpc.Net.ClientFactory": "2.70.0",
          "Grpc.Tools": "2.71.0",
          "Humanizer.Core": "2.14.1",
          "JsonPatch.Net": "3.3.0",
          "KubernetesClient": "16.0.2",
          "Microsoft.Extensions.Configuration.Abstractions": "9.0.4",
          "Microsoft.Extensions.Configuration.Binder": "9.0.4",
          "Microsoft.Extensions.DependencyInjection.Abstractions": "9.0.4",
          "Microsoft.Extensions.Diagnostics.HealthChecks": "9.0.4",
          "Microsoft.Extensions.Hosting": "9.0.4",
          "Microsoft.Extensions.Hosting.Abstractions": "9.0.4",
          "Microsoft.Extensions.Http": "9.0.4",
          "Microsoft.Extensions.Logging.Abstractions": "9.0.4",
          "Microsoft.Extensions.Options": "9.0.4",
          "Microsoft.Extensions.Primitives": "9.0.4",
          "Newtonsoft.Json": "13.0.3",
          "Polly.Core": "8.5.2",
          "StreamJsonRpc": "2.21.69",
          "System.IO.Hashing": "9.0.3"
        }
      },
      "Microsoft.Extensions.DependencyInjection": {
        "type": "CentralTransitive",
        "requested": "[10.0.3, )",
        "resolved": "9.0.5",
        "contentHash": "N1Mn0T/tUBPoLL+Fzsp+VCEtneUhhxc1//Dx3BeuQ8AX+XrMlYCfnp2zgpEXnTCB7053CLdiqVWPZ7mEX6MPjg==",
        "dependencies": {
          "Microsoft.Extensions.DependencyInjection.Abstractions": "9.0.5"
        }
      },
      "Microsoft.Extensions.DependencyInjection.Abstractions": {
        "type": "CentralTransitive",
        "requested": "[10.0.3, )",
        "resolved": "9.0.5",
        "contentHash": "cjnRtsEAzU73aN6W7vkWy8Phj5t3Xm78HSqgrbh/O4Q9SK/yN73wZVa21QQY6amSLQRQ/M8N+koGnY6PuvKQsw=="
      },
      "Microsoft.Extensions.Diagnostics.HealthChecks": {
        "type": "CentralTransitive",
        "requested": "[10.0.3, )",
        "resolved": "9.0.4",
        "contentHash": "jW9lhWQzOOL5sBUCNtAiS6B7tGeLlxJVDjwNuQAQl6dDt9PAAxt3+T2F2jtcvi7KoujgzAdkKQKtGoRaAGlD9w==",
        "dependencies": {
          "Microsoft.Extensions.Diagnostics.HealthChecks.Abstractions": "9.0.4",
          "Microsoft.Extensions.Hosting.Abstractions": "9.0.4",
          "Microsoft.Extensions.Logging.Abstractions": "9.0.4",
          "Microsoft.Extensions.Options": "9.0.4"
        }
      },
      "Microsoft.Extensions.Hosting.Abstractions": {
        "type": "CentralTransitive",
        "requested": "[10.0.3, )",
        "resolved": "9.0.5",
        "contentHash": "3GA/dxqkP6yFe18qYRgtKYuN2onC8NfhlpNN21jptkVKk7olqBTkdT49oL0pSEz2SptRsux7LocCU7+alGnEag==",
        "dependencies": {
          "Microsoft.Extensions.Configuration.Abstractions": "9.0.5",
          "Microsoft.Extensions.DependencyInjection.Abstractions": "9.0.5",
          "Microsoft.Extensions.Diagnostics.Abstractions": "9.0.5",
          "Microsoft.Extensions.FileProviders.Abstractions": "9.0.5",
          "Microsoft.Extensions.Logging.Abstractions": "9.0.5"
        }
      },
      "Microsoft.Extensions.Logging.Abstractions": {
        "type": "CentralTransitive",
        "requested": "[10.0.3, )",
        "resolved": "9.0.5",
        "contentHash": "pP1PADCrIxMYJXxFmTVbAgEU7GVpjK5i0/tyfU9DiE0oXQy3JWQaOVgCkrCiePLgS8b5sghM3Fau3EeHiVWbCg==",
        "dependencies": {
          "Microsoft.Extensions.DependencyInjection.Abstractions": "9.0.5"
        }
      },
      "Microsoft.Extensions.Options": {
        "type": "CentralTransitive",
        "requested": "[10.0.3, )",
        "resolved": "9.0.5",
        "contentHash": "vPdJQU8YLOUSSK8NL0RmwcXJr2E0w8xH559PGQl4JYsglgilZr9LZnqV2zdgk+XR05+kuvhBEZKoDVd46o7NqA==",
        "dependencies": {
          "Microsoft.Extensions.DependencyInjection.Abstractions": "9.0.5",
          "Microsoft.Extensions.Primitives": "9.0.5"
        }
      },
      "Polly.Core": {
        "type": "CentralTransitive",
        "requested": "[8.6.0, )",
        "resolved": "8.5.2",
        "contentHash": "1MJKdxv4zwDmiWvYvVN24DsrWUfgQ4F83voH8bhbtLMdPuGy8CfTUzsgQhvyrl1a7hrM6f/ydwLVdVUI0xooUw=="
      },
      "YamlDotNet": {
        "type": "CentralTransitive",
        "requested": "[16.3.0, )",
        "resolved": "16.3.0",
        "contentHash": "SgMOdxbz8X65z8hraIs6hOEdnkH6hESTAIUa7viEngHOYaH+6q5XJmwr1+yb9vJpNQ19hCQY69xbFsLtXpobQA=="
      }
    }
  }
}